
Microsoft Visual Studio Solution File, Format Version 12.00
# Visual Studio Version 17
VisualStudioVersion = 17.12.35527.113
MinimumVisualStudioVersion = 10.0.40219.1
Project("{2150E333-8FDC-42A3-9474-1A3956D46DE8}") = "Solution Items", "Solution Items", "{B2A2C399-22C5-41D2-A74C-4FDCE7FB9CF2}"
	ProjectSection(SolutionItems) = preProject
		README.md = README.md
	EndProjectSection
EndProject
Project("{FAE04EC0-301F-11D3-BF4B-00C04F79EFBC}") = "ConsoleApp", "ConsoleApp\ConsoleApp.csproj", "{5CB86575-F115-41BD-8102-02985E306DFC}"
EndProject
Project("{2150E333-8FDC-42A3-9474-1A3956D46DE8}") = "Session 1", "Session 1", "{746371A3-E63E-4730-86AE-08E64B0D6D6B}"
EndProject
Project("{2150E333-8FDC-42A3-9474-1A3956D46DE8}") = "Src", "Src", "{32BBDCDB-BCCF-42DE-BF03-4C4890944BC6}"
EndProject
Project("{2150E333-8FDC-42A3-9474-1A3956D46DE8}") = "Test", "Test", "{02D46D4E-F3A3-4BE9-832E-907042137D4F}"
EndProject
Project("{FAE04EC0-301F-11D3-BF4B-00C04F79EFBC}") = "ConsoleApp.Test", "ConsoleApp.Test\ConsoleApp.Test.csproj", "{5B9D4810-5B58-4718-BF7B-AFE2F4577D1B}"
EndProject
Project("{2150E333-8FDC-42A3-9474-1A3956D46DE8}") = "Session 2", "Session 2", "{368899E4-D1F1-43F7-BE89-474648AFE440}"
EndProject
Project("{2150E333-8FDC-42A3-9474-1A3956D46DE8}") = "Src", "Src", "{A661449F-0B65-42DA-8D78-A81EC6BF0B1A}"
EndProject
Project("{2150E333-8FDC-42A3-9474-1A3956D46DE8}") = "Test", "Test", "{4C57FFE1-62DF-4C85-BADE-2B2FF34EDDB6}"
EndProject
Project("{FAE04EC0-301F-11D3-BF4B-00C04F79EFBC}") = "WebApplication_MVC", "WebApplication_MVC\WebApplication_MVC.csproj", "{F8A3A1C7-9A74-4120-943A-B0D37C60DBA5}"
EndProject
Project("{FAE04EC0-301F-11D3-BF4B-00C04F79EFBC}") = "WebApplication_MVC.Test", "WebApplication_MVC.Test\WebApplication_MVC.Test.csproj", "{D7B7D7F0-54D5-403A-9491-9625164D03A6}"
EndProject
Project("{2150E333-8FDC-42A3-9474-1A3956D46DE8}") = "Session 3", "Session 3", "{7839A09D-F130-4140-881F-7F4D4D987C81}"
EndProject
Project("{2150E333-8FDC-42A3-9474-1A3956D46DE8}") = "Src", "Src", "{A3C64514-EA54-4777-AB40-C7957F9CF1B5}"
EndProject
Project("{2150E333-8FDC-42A3-9474-1A3956D46DE8}") = "Test", "Test", "{7655CD46-B706-4949-9E36-0B22F862DB87}"
EndProject
Project("{FAE04EC0-301F-11D3-BF4B-00C04F79EFBC}") = "WebApi", "WebApi\WebApi.csproj", "{D5DAC13C-16D6-4D8C-A303-E09463A767B8}"
EndProject
Project("{FAE04EC0-301F-11D3-BF4B-00C04F79EFBC}") = "WebApiTest", "WebApiTest\WebApiTest.csproj", "{48C3C94D-3CF5-4A28-97DA-32C6DE83B372}"
EndProject
Global
	GlobalSection(SolutionConfigurationPlatforms) = preSolution
		Debug|Any CPU = Debug|Any CPU
		Release|Any CPU = Release|Any CPU
	EndGlobalSection
	GlobalSection(ProjectConfigurationPlatforms) = postSolution
		{5CB86575-F115-41BD-8102-02985E306DFC}.Debug|Any CPU.ActiveCfg = Debug|Any CPU
		{5CB86575-F115-41BD-8102-02985E306DFC}.Debug|Any CPU.Build.0 = Debug|Any CPU
		{5CB86575-F115-41BD-8102-02985E306DFC}.Release|Any CPU.ActiveCfg = Release|Any CPU
		{5CB86575-F115-41BD-8102-02985E306DFC}.Release|Any CPU.Build.0 = Release|Any CPU
		{5B9D4810-5B58-4718-BF7B-AFE2F4577D1B}.Debug|Any CPU.ActiveCfg = Debug|Any CPU
		{5B9D4810-5B58-4718-BF7B-AFE2F4577D1B}.Debug|Any CPU.Build.0 = Debug|Any CPU
		{5B9D4810-5B58-4718-BF7B-AFE2F4577D1B}.Release|Any CPU.ActiveCfg = Release|Any CPU
		{5B9D4810-5B58-4718-BF7B-AFE2F4577D1B}.Release|Any CPU.Build.0 = Release|Any CPU
		{F8A3A1C7-9A74-4120-943A-B0D37C60DBA5}.Debug|Any CPU.ActiveCfg = Debug|Any CPU
		{F8A3A1C7-9A74-4120-943A-B0D37C60DBA5}.Debug|Any CPU.Build.0 = Debug|Any CPU
		{F8A3A1C7-9A74-4120-943A-B0D37C60DBA5}.Release|Any CPU.ActiveCfg = Release|Any CPU
		{F8A3A1C7-9A74-4120-943A-B0D37C60DBA5}.Release|Any CPU.Build.0 = Release|Any CPU
		{D7B7D7F0-54D5-403A-9491-9625164D03A6}.Debug|Any CPU.ActiveCfg = Debug|Any CPU
		{D7B7D7F0-54D5-403A-9491-9625164D03A6}.Debug|Any CPU.Build.0 = Debug|Any CPU
		{D7B7D7F0-54D5-403A-9491-9625164D03A6}.Release|Any CPU.ActiveCfg = Release|Any CPU
		{D7B7D7F0-54D5-403A-9491-9625164D03A6}.Release|Any CPU.Build.0 = Release|Any CPU
		{D5DAC13C-16D6-4D8C-A303-E09463A767B8}.Debug|Any CPU.ActiveCfg = Debug|Any CPU
		{D5DAC13C-16D6-4D8C-A303-E09463A767B8}.Debug|Any CPU.Build.0 = Debug|Any CPU
		{D5DAC13C-16D6-4D8C-A303-E09463A767B8}.Release|Any CPU.ActiveCfg = Release|Any CPU
		{D5DAC13C-16D6-4D8C-A303-E09463A767B8}.Release|Any CPU.Build.0 = Release|Any CPU
		{48C3C94D-3CF5-4A28-97DA-32C6DE83B372}.Debug|Any CPU.ActiveCfg = Debug|Any CPU
		{48C3C94D-3CF5-4A28-97DA-32C6DE83B372}.Debug|Any CPU.Build.0 = Debug|Any CPU
		{48C3C94D-3CF5-4A28-97DA-32C6DE83B372}.Release|Any CPU.ActiveCfg = Release|Any CPU
		{48C3C94D-3CF5-4A28-97DA-32C6DE83B372}.Release|Any CPU.Build.0 = Release|Any CPU
	EndGlobalSection
	GlobalSection(SolutionProperties) = preSolution
		HideSolutionNode = FALSE
	EndGlobalSection
	GlobalSection(NestedProjects) = preSolution
		{5CB86575-F115-41BD-8102-02985E306DFC} = {32BBDCDB-BCCF-42DE-BF03-4C4890944BC6}
		{32BBDCDB-BCCF-42DE-BF03-4C4890944BC6} = {746371A3-E63E-4730-86AE-08E64B0D6D6B}
		{02D46D4E-F3A3-4BE9-832E-907042137D4F} = {746371A3-E63E-4730-86AE-08E64B0D6D6B}
		{5B9D4810-5B58-4718-BF7B-AFE2F4577D1B} = {02D46D4E-F3A3-4BE9-832E-907042137D4F}
		{A661449F-0B65-42DA-8D78-A81EC6BF0B1A} = {368899E4-D1F1-43F7-BE89-474648AFE440}
		{4C57FFE1-62DF-4C85-BADE-2B2FF34EDDB6} = {368899E4-D1F1-43F7-BE89-474648AFE440}
		{F8A3A1C7-9A74-4120-943A-B0D37C60DBA5} = {A661449F-0B65-42DA-8D78-A81EC6BF0B1A}
		{D7B7D7F0-54D5-403A-9491-9625164D03A6} = {4C57FFE1-62DF-4C85-BADE-2B2FF34EDDB6}
		{A3C64514-EA54-4777-AB40-C7957F9CF1B5} = {7839A09D-F130-4140-881F-7F4D4D987C81}
		{7655CD46-B706-4949-9E36-0B22F862DB87} = {7839A09D-F130-4140-881F-7F4D4D987C81}
		{D5DAC13C-16D6-4D8C-A303-E09463A767B8} = {A3C64514-EA54-4777-AB40-C7957F9CF1B5}
		{48C3C94D-3CF5-4A28-97DA-32C6DE83B372} = {7655CD46-B706-4949-9E36-0B22F862DB87}
	EndGlobalSection
EndGlobal
